// !$*UTF8*$!
{
	archiveVersion = 1;
	classes = {
	};
	objectVersion = 46;
	objects = {

/* Begin PBXBuildFile section */
		CFC59C931C19654F005715FD /* libfungrame.a in Frameworks */ = {isa = PBXBuildFile; fileRef = CFEFF2FA1C19604F0053BA2E /* libfungrame.a */; };
		CFC59CB71C196D89005715FD /* main.cpp in Sources */ = {isa = PBXBuildFile; fileRef = CFC59CB61C196D89005715FD /* main.cpp */; };
		CFEFF2CA1C1950FD0053BA2E /* Cocoa.framework in Frameworks */ = {isa = PBXBuildFile; fileRef = CFEFF2C91C1950FD0053BA2E /* Cocoa.framework */; };
		CFEFF2D01C19513E0053BA2E /* OpenGL.framework in Frameworks */ = {isa = PBXBuildFile; fileRef = CFEFF2CF1C19513E0053BA2E /* OpenGL.framework */; };
		CFEFF2D21C19520C0053BA2E /* Carbon.framework in Frameworks */ = {isa = PBXBuildFile; fileRef = CFEFF2D11C19520C0053BA2E /* Carbon.framework */; };
		CFEFF2D31C19526A0053BA2E /* IOKit.framework in Frameworks */ = {isa = PBXBuildFile; fileRef = CFEFF2CB1C1951130053BA2E /* IOKit.framework */; };
		CFEFF2D41C1952770053BA2E /* CoreVideo.framework in Frameworks */ = {isa = PBXBuildFile; fileRef = CFEFF2CD1C1951240053BA2E /* CoreVideo.framework */; };
/* End PBXBuildFile section */

/* Begin PBXContainerItemProxy section */
		CFEFF2F91C19604F0053BA2E /* PBXContainerItemProxy */ = {
			isa = PBXContainerItemProxy;
			containerPortal = CFEFF2F51C19604F0053BA2E /* fungame_libs.xcodeproj */;
			proxyType = 2;
			remoteGlobalIDString = CF2116111C193CDE000D49D6;
			remoteInfo = "fungrame mac";
		};
/* End PBXContainerItemProxy section */

/* Begin PBXFileReference section */
		CFC59CB61C196D89005715FD /* main.cpp */ = {isa = PBXFileReference; fileEncoding = 4; lastKnownFileType = sourcecode.cpp.cpp; path = main.cpp; sourceTree = "<group>"; };
		CFEFF29E1C1942DC0053BA2E /* test_mac.app */ = {isa = PBXFileReference; explicitFileType = wrapper.application; includeInIndex = 0; path = test_mac.app; sourceTree = BUILT_PRODUCTS_DIR; };
		CFEFF2C91C1950FD0053BA2E /* Cocoa.framework */ = {isa = PBXFileReference; lastKnownFileType = wrapper.framework; name = Cocoa.framework; path = System/Library/Frameworks/Cocoa.framework; sourceTree = SDKROOT; };
		CFEFF2CB1C1951130053BA2E /* IOKit.framework */ = {isa = PBXFileReference; lastKnownFileType = wrapper.framework; name = IOKit.framework; path = System/Library/Frameworks/IOKit.framework; sourceTree = SDKROOT; };
		CFEFF2CD1C1951240053BA2E /* CoreVideo.framework */ = {isa = PBXFileReference; lastKnownFileType = wrapper.framework; name = CoreVideo.framework; path = System/Library/Frameworks/CoreVideo.framework; sourceTree = SDKROOT; };
		CFEFF2CF1C19513E0053BA2E /* OpenGL.framework */ = {isa = PBXFileReference; lastKnownFileType = wrapper.framework; name = OpenGL.framework; path = System/Library/Frameworks/OpenGL.framework; sourceTree = SDKROOT; };
		CFEFF2D11C19520C0053BA2E /* Carbon.framework */ = {isa = PBXFileReference; lastKnownFileType = wrapper.framework; name = Carbon.framework; path = System/Library/Frameworks/Carbon.framework; sourceTree = SDKROOT; };
		CFEFF2F51C19604F0053BA2E /* fungame_libs.xcodeproj */ = {isa = PBXFileReference; lastKnownFileType = "wrapper.pb-project"; name = fungame_libs.xcodeproj; path = ../../build/fungame_libs.xcodeproj; sourceTree = "<group>"; };
/* End PBXFileReference section */

/* Begin PBXFrameworksBuildPhase section */
		CFEFF29B1C1942DC0053BA2E /* Frameworks */ = {
			isa = PBXFrameworksBuildPhase;
			buildActionMask = 2147483647;
			files = (
				CFC59C931C19654F005715FD /* libfungrame.a in Frameworks */,
				CFEFF2D41C1952770053BA2E /* CoreVideo.framework in Frameworks */,
				CFEFF2D31C19526A0053BA2E /* IOKit.framework in Frameworks */,
				CFEFF2D21C19520C0053BA2E /* Carbon.framework in Frameworks */,
				CFEFF2D01C19513E0053BA2E /* OpenGL.framework in Frameworks */,
				CFEFF2CA1C1950FD0053BA2E /* Cocoa.framework in Frameworks */,
			);
			runOnlyForDeploymentPostprocessing = 0;
		};
/* End PBXFrameworksBuildPhase section */

/* Begin PBXGroup section */
		CF2116271C193F89000D49D6 = {
			isa = PBXGroup;
			children = (
				CFEFF2F51C19604F0053BA2E /* fungame_libs.xcodeproj */,
				CFEFF2D51C1952FC0053BA2E /* Frameworks */,
				CFC59CB61C196D89005715FD /* main.cpp */,
				CF2116311C193F89000D49D6 /* Products */,
			);
			sourceTree = "<group>";
		};
		CF2116311C193F89000D49D6 /* Products */ = {
			isa = PBXGroup;
			children = (
				CFEFF29E1C1942DC0053BA2E /* test_mac.app */,
			);
			name = Products;
			sourceTree = "<group>";
		};
		CFEFF2D51C1952FC0053BA2E /* Frameworks */ = {
			isa = PBXGroup;
			children = (
				CFEFF2D11C19520C0053BA2E /* Carbon.framework */,
				CFEFF2CF1C19513E0053BA2E /* OpenGL.framework */,
				CFEFF2CD1C1951240053BA2E /* CoreVideo.framework */,
				CFEFF2CB1C1951130053BA2E /* IOKit.framework */,
				CFEFF2C91C1950FD0053BA2E /* Cocoa.framework */,
			);
			name = Frameworks;
			sourceTree = "<group>";
		};
		CFEFF2F61C19604F0053BA2E /* Products */ = {
			isa = PBXGroup;
			children = (
				CFEFF2FA1C19604F0053BA2E /* libfungrame.a */,
			);
			name = Products;
			sourceTree = "<group>";
		};
/* End PBXGroup section */

/* Begin PBXNativeTarget section */
		CFEFF29D1C1942DC0053BA2E /* test_mac */ = {
			isa = PBXNativeTarget;
			buildConfigurationList = CFEFF2B11C1942DC0053BA2E /* Build configuration list for PBXNativeTarget "test_mac" */;
			buildPhases = (
				CFEFF29A1C1942DC0053BA2E /* Sources */,
				CFEFF29B1C1942DC0053BA2E /* Frameworks */,
				CFEFF29C1C1942DC0053BA2E /* Resources */,
			);
			buildRules = (
			);
			dependencies = (
			);
			name = test_mac;
			productName = test_mac;
			productReference = CFEFF29E1C1942DC0053BA2E /* test_mac.app */;
			productType = "com.apple.product-type.application";
		};
/* End PBXNativeTarget section */

/* Begin PBXProject section */
		CF2116281C193F89000D49D6 /* Project object */ = {
			isa = PBXProject;
			attributes = {
				LastUpgradeCheck = 0710;
				ORGANIZATIONNAME = com.zwf;
				TargetAttributes = {
					CFEFF29D1C1942DC0053BA2E = {
						CreatedOnToolsVersion = 7.1.1;
					};
				};
			};
			buildConfigurationList = CF21162B1C193F89000D49D6 /* Build configuration list for PBXProject "test" */;
			compatibilityVersion = "Xcode 3.2";
			developmentRegion = English;
			hasScannedForEncodings = 0;
			knownRegions = (
				en,
				Base,
			);
			mainGroup = CF2116271C193F89000D49D6;
			productRefGroup = CF2116311C193F89000D49D6 /* Products */;
			projectDirPath = "";
			projectReferences = (
				{
					ProductGroup = CFEFF2F61C19604F0053BA2E /* Products */;
					ProjectRef = CFEFF2F51C19604F0053BA2E /* fungame_libs.xcodeproj */;
				},
			);
			projectRoot = "";
			targets = (
				CFEFF29D1C1942DC0053BA2E /* test_mac */,
			);
		};
/* End PBXProject section */

/* Begin PBXReferenceProxy section */
		CFEFF2FA1C19604F0053BA2E /* libfungrame.a */ = {
			isa = PBXReferenceProxy;
			fileType = archive.ar;
			path = libfungrame.a;
			remoteRef = CFEFF2F91C19604F0053BA2E /* PBXContainerItemProxy */;
			sourceTree = BUILT_PRODUCTS_DIR;
		};
/* End PBXReferenceProxy section */

/* Begin PBXResourcesBuildPhase section */
		CFEFF29C1C1942DC0053BA2E /* Resources */ = {
			isa = PBXResourcesBuildPhase;
			buildActionMask = 2147483647;
			files = (
			);
			runOnlyForDeploymentPostprocessing = 0;
		};
/* End PBXResourcesBuildPhase section */

/* Begin PBXSourcesBuildPhase section */
		CFEFF29A1C1942DC0053BA2E /* Sources */ = {
			isa = PBXSourcesBuildPhase;
			buildActionMask = 2147483647;
			files = (
				CFC59CB71C196D89005715FD /* main.cpp in Sources */,
			);
			runOnlyForDeploymentPostprocessing = 0;
		};
/* End PBXSourcesBuildPhase section */

/* Begin XCBuildConfiguration section */
		CF2116351C193F89000D49D6 /* Debug */ = {
			isa = XCBuildConfiguration;
			buildSettings = {
				ALWAYS_SEARCH_USER_PATHS = NO;
				CLANG_CXX_LANGUAGE_STANDARD = "gnu++0x";
				CLANG_CXX_LIBRARY = "libc++";
				CLANG_ENABLE_MODULES = YES;
				CLANG_ENABLE_OBJC_ARC = YES;
				CLANG_WARN_BOOL_CONVERSION = YES;
				CLANG_WARN_CONSTANT_CONVERSION = YES;
				CLANG_WARN_DIRECT_OBJC_ISA_USAGE = YES_ERROR;
				CLANG_WARN_EMPTY_BODY = YES;
				CLANG_WARN_ENUM_CONVERSION = YES;
				CLANG_WARN_INT_CONVERSION = YES;
				CLANG_WARN_OBJC_ROOT_CLASS = YES_ERROR;
				CLANG_WARN_UNREACHABLE_CODE = YES;
				CLANG_WARN__DUPLICATE_METHOD_MATCH = YES;
				CODE_SIGN_IDENTITY = "-";
				COPY_PHASE_STRIP = NO;
				DEBUG_INFORMATION_FORMAT = dwarf;
				ENABLE_STRICT_OBJC_MSGSEND = YES;
				ENABLE_TESTABILITY = YES;
				GCC_C_LANGUAGE_STANDARD = gnu99;
				GCC_DYNAMIC_NO_PIC = NO;
				GCC_NO_COMMON_BLOCKS = YES;
				GCC_OPTIMIZATION_LEVEL = 0;
				GCC_PREPROCESSOR_DEFINITIONS = (
					"DEBUG=1",
					"$(inherited)",
				);
				GCC_WARN_64_TO_32_BIT_CONVERSION = YES;
				GCC_WARN_ABOUT_RETURN_TYPE = YES_ERROR;
				GCC_WARN_UNDECLARED_SELECTOR = YES;
				GCC_WARN_UNINITIALIZED_AUTOS = YES_AGGRESSIVE;
				GCC_WARN_UNUSED_FUNCTION = YES;
				GCC_WARN_UNUSED_VARIABLE = YES;
				MACOSX_DEPLOYMENT_TARGET = 10.10;
				MTL_ENABLE_DEBUG_INFO = YES;
				ONLY_ACTIVE_ARCH = YES;
				SDKROOT = macosx;
			};
			name = Debug;
		};
		CF2116361C193F89000D49D6 /* Release */ = {
			isa = XCBuildConfiguration;
			buildSettings = {
				ALWAYS_SEARCH_USER_PATHS = NO;
				CLANG_CXX_LANGUAGE_STANDARD = "gnu++0x";
				CLANG_CXX_LIBRARY = "libc++";
				CLANG_ENABLE_MODULES = YES;
				CLANG_ENABLE_OBJC_ARC = YES;
				CLANG_WARN_BOOL_CONVERSION = YES;
				CLANG_WARN_CONSTANT_CONVERSION = YES;
				CLANG_WARN_DIRECT_OBJC_ISA_USAGE = YES_ERROR;
				CLANG_WARN_EMPTY_BODY = YES;
				CLANG_WARN_ENUM_CONVERSION = YES;
				CLANG_WARN_INT_CONVERSION = YES;
				CLANG_WARN_OBJC_ROOT_CLASS = YES_ERROR;
				CLANG_WARN_UNREACHABLE_CODE = YES;
				CLANG_WARN__DUPLICATE_METHOD_MATCH = YES;
				CODE_SIGN_IDENTITY = "-";
				COPY_PHASE_STRIP = NO;
				DEBUG_INFORMATION_FORMAT = "dwarf-with-dsym";
				ENABLE_NS_ASSERTIONS = NO;
				ENABLE_STRICT_OBJC_MSGSEND = YES;
				GCC_C_LANGUAGE_STANDARD = gnu99;
				GCC_NO_COMMON_BLOCKS = YES;
				GCC_WARN_64_TO_32_BIT_CONVERSION = YES;
				GCC_WARN_ABOUT_RETURN_TYPE = YES_ERROR;
				GCC_WARN_UNDECLARED_SELECTOR = YES;
				GCC_WARN_UNINITIALIZED_AUTOS = YES_AGGRESSIVE;
				GCC_WARN_UNUSED_FUNCTION = YES;
				GCC_WARN_UNUSED_VARIABLE = YES;
				MACOSX_DEPLOYMENT_TARGET = 10.10;
				MTL_ENABLE_DEBUG_INFO = NO;
				SDKROOT = macosx;
			};
			name = Release;
		};
		CFEFF2AC1C1942DC0053BA2E /* Debug */ = {
			isa = XCBuildConfiguration;
			buildSettings = {
				COMBINE_HIDPI_IMAGES = YES;
				HEADER_SEARCH_PATHS = "$(SRCROOT)/../..";
				INFOPLIST_FILE = "";
				LD_RUNPATH_SEARCH_PATHS = "$(inherited) @executable_path/../Frameworks";
				MACOSX_DEPLOYMENT_TARGET = 10.10;
				PRODUCT_BUNDLE_IDENTIFIER = "com.zwf.fungame.test-mac";
				PRODUCT_NAME = "$(TARGET_NAME)";
			};
			name = Debug;
		};
		CFEFF2AD1C1942DC0053BA2E /* Release */ = {
			isa = XCBuildConfiguration;
			buildSettings = {
				COMBINE_HIDPI_IMAGES = YES;
				HEADER_SEARCH_PATHS = "$(SRCROOT)/../..";
				INFOPLIST_FILE = "";
				LD_RUNPATH_SEARCH_PATHS = "$(inherited) @executable_path/../Frameworks";
				MACOSX_DEPLOYMENT_TARGET = 10.10;
				PRODUCT_BUNDLE_IDENTIFIER = "com.zwf.fungame.test-mac";
				PRODUCT_NAME = "$(TARGET_NAME)";
			};
			name = Release;
		};
/* End XCBuildConfiguration section */

/* Begin XCConfigurationList section */
		CF21162B1C193F89000D49D6 /* Build configuration list for PBXProject "test" */ = {
			isa = XCConfigurationList;
			buildConfigurations = (
				CF2116351C193F89000D49D6 /* Debug */,
				CF2116361C193F89000D49D6 /* Release */,
			);
			defaultConfigurationIsVisible = 0;
			defaultConfigurationName = Release;
		};
		CFEFF2B11C1942DC0053BA2E /* Build configuration list for PBXNativeTarget "test_mac" */ = {
			isa = XCConfigurationList;
			buildConfigurations = (
				CFEFF2AC1C1942DC0053BA2E /* Debug */,
				CFEFF2AD1C1942DC0053BA2E /* Release */,
			);
			defaultConfigurationIsVisible = 0;
			defaultConfigurationName = Release;
		};
/* End XCConfigurationList section */
	};
	rootObject = CF2116281C193F89000D49D6 /* Project object */;
}
